
Microsoft Visual Studio Solution File, Format Version 12.00
# Visual Studio Version 17
VisualStudioVersion = 17.0.31903.59
MinimumVisualStudioVersion = 10.0.40219.1
Project("{FAE04EC0-301F-11D3-BF4B-00C04F79EFBC}") = "RabbitMQ.In.Practice", "RabbitMQ.In.Practice\RabbitMQ.In.Practice.csproj", "{9DF5909E-FF81-40C7-B113-25A483F8062B}"
EndProject
Global
	GlobalSection(SolutionConfigurationPlatforms) = preSolution
		Debug|Any CPU = Debug|Any CPU
		Release|Any CPU = Release|Any CPU
	EndGlobalSection
	GlobalSection(SolutionProperties) = preSolution
		HideSolutionNode = FALSE
	EndGlobalSection
	GlobalSection(ProjectConfigurationPlatforms) = postSolution
		{9DF5909E-FF81-40C7-B113-25A483F8062B}.Debug|Any CPU.ActiveCfg = Debug|Any CPU
		{9DF5909E-FF81-40C7-B113-25A483F8062B}.Debug|Any CPU.Build.0 = Debug|Any CPU
		{9DF5909E-FF81-40C7-B113-25A483F8062B}.Release|Any CPU.ActiveCfg = Release|Any CPU
		{9DF5909E-FF81-40C7-B113-25A483F8062B}.Release|Any CPU.Build.0 = Release|Any CPU
	EndGlobalSection
EndGlobal
